
Microsoft Visual Studio Solution File, Format Version 12.00
Project("{FAE04EC0-301F-11D3-BF4B-00C04F79EFBC}") = "KrokodillespillV2", "KrokodillespillV2\KrokodillespillV2.csproj", "{0EE93018-D556-40EB-AE3D-C7FC99D2C9C7}"
EndProject
Global
	GlobalSection(SolutionConfigurationPlatforms) = preSolution
		Debug|Any CPU = Debug|Any CPU
		Release|Any CPU = Release|Any CPU
	EndGlobalSection
	GlobalSection(ProjectConfigurationPlatforms) = postSolution
		{0EE93018-D556-40EB-AE3D-C7FC99D2C9C7}.Debug|Any CPU.ActiveCfg = Debug|Any CPU
		{0EE93018-D556-40EB-AE3D-C7FC99D2C9C7}.Debug|Any CPU.Build.0 = Debug|Any CPU
		{0EE93018-D556-40EB-AE3D-C7FC99D2C9C7}.Release|Any CPU.ActiveCfg = Release|Any CPU
		{0EE93018-D556-40EB-AE3D-C7FC99D2C9C7}.Release|Any CPU.Build.0 = Release|Any CPU
	EndGlobalSection
EndGlobal
